
Microsoft Visual Studio Solution File, Format Version 12.00
# Visual Studio Version 16
VisualStudioVersion = 16.0.30804.86
MinimumVisualStudioVersion = 10.0.40219.1
Project("{8BC9CEB8-8B4A-11D0-8D11-00A0C91BC942}") = "SortingMethods", "SortingMethods.vcxproj", "{239E8526-8DE7-4709-AB11-79E698401AE2}"
EndProject
Project("{8BC9CEB8-8B4A-11D0-8D11-00A0C91BC942}") = "SortingMethodsTest", "..\SortingMethodsTest\SortingMethodsTest.vcxproj", "{5A0225EC-E43A-40C7-B80D-7EC875E9723A}"
EndProject
Global
	GlobalSection(SolutionConfigurationPlatforms) = preSolution
		Debug|x64 = Debug|x64
		Debug|x86 = Debug|x86
		Release|x64 = Release|x64
		Release|x86 = Release|x86
	EndGlobalSection
	GlobalSection(ProjectConfigurationPlatforms) = postSolution
		{239E8526-8DE7-4709-AB11-79E698401AE2}.Debug|x64.ActiveCfg = Debug|x64
		{239E8526-8DE7-4709-AB11-79E698401AE2}.Debug|x64.Build.0 = Debug|x64
		{239E8526-8DE7-4709-AB11-79E698401AE2}.Debug|x86.ActiveCfg = Debug|Win32
		{239E8526-8DE7-4709-AB11-79E698401AE2}.Debug|x86.Build.0 = Debug|Win32
		{239E8526-8DE7-4709-AB11-79E698401AE2}.Release|x64.ActiveCfg = Release|x64
		{239E8526-8DE7-4709-AB11-79E698401AE2}.Release|x64.Build.0 = Release|x64
		{239E8526-8DE7-4709-AB11-79E698401AE2}.Release|x86.ActiveCfg = Release|Win32
		{239E8526-8DE7-4709-AB11-79E698401AE2}.Release|x86.Build.0 = Release|Win32
		{5A0225EC-E43A-40C7-B80D-7EC875E9723A}.Debug|x64.ActiveCfg = Debug|x64
		{5A0225EC-E43A-40C7-B80D-7EC875E9723A}.Debug|x64.Build.0 = Debug|x64
		{5A0225EC-E43A-40C7-B80D-7EC875E9723A}.Debug|x86.ActiveCfg = Debug|Win32
		{5A0225EC-E43A-40C7-B80D-7EC875E9723A}.Debug|x86.Build.0 = Debug|Win32
		{5A0225EC-E43A-40C7-B80D-7EC875E9723A}.Release|x64.ActiveCfg = Release|x64
		{5A0225EC-E43A-40C7-B80D-7EC875E9723A}.Release|x64.Build.0 = Release|x64
		{5A0225EC-E43A-40C7-B80D-7EC875E9723A}.Release|x86.ActiveCfg = Release|Win32
		{5A0225EC-E43A-40C7-B80D-7EC875E9723A}.Release|x86.Build.0 = Release|Win32
	EndGlobalSection
	GlobalSection(SolutionProperties) = preSolution
		HideSolutionNode = FALSE
	EndGlobalSection
	GlobalSection(ExtensibilityGlobals) = postSolution
		SolutionGuid = {E27E0591-A0F4-498F-B287-C6362CA41F0F}
	EndGlobalSection
EndGlobal
